
Microsoft Visual Studio Solution File, Format Version 12.00
# Visual Studio Version 16
VisualStudioVersion = 16.0.31005.135
MinimumVisualStudioVersion = 10.0.40219.1
Project("{FAE04EC0-301F-11D3-BF4B-00C04F79EFBC}") = "SignalWithNoiseWFORMS", "SignalWithNoiseWFORMS.csproj", "{6087B953-2FCB-4147-8DD9-279C5355B456}"
EndProject
Global
	GlobalSection(SolutionConfigurationPlatforms) = preSolution
		Debug|Any CPU = Debug|Any CPU
		Release|Any CPU = Release|Any CPU
	EndGlobalSection
	GlobalSection(ProjectConfigurationPlatforms) = postSolution
		{6087B953-2FCB-4147-8DD9-279C5355B456}.Debug|Any CPU.ActiveCfg = Debug|Any CPU
		{6087B953-2FCB-4147-8DD9-279C5355B456}.Debug|Any CPU.Build.0 = Debug|Any CPU
		{6087B953-2FCB-4147-8DD9-279C5355B456}.Release|Any CPU.ActiveCfg = Release|Any CPU
		{6087B953-2FCB-4147-8DD9-279C5355B456}.Release|Any CPU.Build.0 = Release|Any CPU
	EndGlobalSection
	GlobalSection(SolutionProperties) = preSolution
		HideSolutionNode = FALSE
	EndGlobalSection
	GlobalSection(ExtensibilityGlobals) = postSolution
		SolutionGuid = {3258AAB8-3B93-463A-AE46-9408022E504F}
	EndGlobalSection
EndGlobal
